
Microsoft Visual Studio Solution File, Format Version 12.00
# Visual Studio 14
VisualStudioVersion = 14.0.25420.1
MinimumVisualStudioVersion = 10.0.40219.1
Project("{FAE04EC0-301F-11D3-BF4B-00C04F79EFBC}") = "FormsOnPlatform.Droid", "FormsOnPlatform\FormsOnPlatform.Droid\FormsOnPlatform.Droid.csproj", "{C4E634B5-6FAA-4CA2-B207-42D6772EBCFA}"
EndProject
Project("{FAE04EC0-301F-11D3-BF4B-00C04F79EFBC}") = "FormsOnPlatform.iOS", "FormsOnPlatform\FormsOnPlatform.iOS\FormsOnPlatform.iOS.csproj", "{68C71ACE-1825-42F6-8ACC-2827DE2DFB5D}"
EndProject
Project("{FAE04EC0-301F-11D3-BF4B-00C04F79EFBC}") = "FormsOnPlatform.UWP", "FormsOnPlatform\FormsOnPlatform.UWP\FormsOnPlatform.UWP.csproj", "{3AD07DB5-63A2-4FD7-892C-6571451FE4E8}"
EndProject
Project("{FAE04EC0-301F-11D3-BF4B-00C04F79EFBC}") = "FormsOnPlatform", "FormsOnPlatform\FormsOnPlatform\FormsOnPlatform.csproj", "{B5AD7922-9DE5-4BF0-A755-10D0DF149106}"
EndProject
Global
	GlobalSection(SolutionConfigurationPlatforms) = preSolution
		Ad-Hoc|Any CPU = Ad-Hoc|Any CPU
		Ad-Hoc|ARM = Ad-Hoc|ARM
		Ad-Hoc|iPhone = Ad-Hoc|iPhone
		Ad-Hoc|iPhoneSimulator = Ad-Hoc|iPhoneSimulator
		Ad-Hoc|x64 = Ad-Hoc|x64
		Ad-Hoc|x86 = Ad-Hoc|x86
		AppStore|Any CPU = AppStore|Any CPU
		AppStore|ARM = AppStore|ARM
		AppStore|iPhone = AppStore|iPhone
		AppStore|iPhoneSimulator = AppStore|iPhoneSimulator
		AppStore|x64 = AppStore|x64
		AppStore|x86 = AppStore|x86
		Debug|Any CPU = Debug|Any CPU
		Debug|ARM = Debug|ARM
		Debug|iPhone = Debug|iPhone
		Debug|iPhoneSimulator = Debug|iPhoneSimulator
		Debug|x64 = Debug|x64
		Debug|x86 = Debug|x86
		Release|Any CPU = Release|Any CPU
		Release|ARM = Release|ARM
		Release|iPhone = Release|iPhone
		Release|iPhoneSimulator = Release|iPhoneSimulator
		Release|x64 = Release|x64
		Release|x86 = Release|x86
	EndGlobalSection
	GlobalSection(ProjectConfigurationPlatforms) = postSolution
		{C4E634B5-6FAA-4CA2-B207-42D6772EBCFA}.Ad-Hoc|Any CPU.ActiveCfg = Release|Any CPU
		{C4E634B5-6FAA-4CA2-B207-42D6772EBCFA}.Ad-Hoc|Any CPU.Build.0 = Release|Any CPU
		{C4E634B5-6FAA-4CA2-B207-42D6772EBCFA}.Ad-Hoc|Any CPU.Deploy.0 = Release|Any CPU
		{C4E634B5-6FAA-4CA2-B207-42D6772EBCFA}.Ad-Hoc|ARM.ActiveCfg = Release|Any CPU
		{C4E634B5-6FAA-4CA2-B207-42D6772EBCFA}.Ad-Hoc|ARM.Build.0 = Release|Any CPU
		{C4E634B5-6FAA-4CA2-B207-42D6772EBCFA}.Ad-Hoc|ARM.Deploy.0 = Release|Any CPU
		{C4E634B5-6FAA-4CA2-B207-42D6772EBCFA}.Ad-Hoc|iPhone.ActiveCfg = Release|Any CPU
		{C4E634B5-6FAA-4CA2-B207-42D6772EBCFA}.Ad-Hoc|iPhone.Build.0 = Release|Any CPU
		{C4E634B5-6FAA-4CA2-B207-42D6772EBCFA}.Ad-Hoc|iPhone.Deploy.0 = Release|Any CPU
		{C4E634B5-6FAA-4CA2-B207-42D6772EBCFA}.Ad-Hoc|iPhoneSimulator.ActiveCfg = Release|Any CPU
		{C4E634B5-6FAA-4CA2-B207-42D6772EBCFA}.Ad-Hoc|iPhoneSimulator.Build.0 = Release|Any CPU
		{C4E634B5-6FAA-4CA2-B207-42D6772EBCFA}.Ad-Hoc|iPhoneSimulator.Deploy.0 = Release|Any CPU
		{C4E634B5-6FAA-4CA2-B207-42D6772EBCFA}.Ad-Hoc|x64.ActiveCfg = Release|Any CPU
		{C4E634B5-6FAA-4CA2-B207-42D6772EBCFA}.Ad-Hoc|x64.Build.0 = Release|Any CPU
		{C4E634B5-6FAA-4CA2-B207-42D6772EBCFA}.Ad-Hoc|x64.Deploy.0 = Release|Any CPU
		{C4E634B5-6FAA-4CA2-B207-42D6772EBCFA}.Ad-Hoc|x86.ActiveCfg = Release|Any CPU
		{C4E634B5-6FAA-4CA2-B207-42D6772EBCFA}.Ad-Hoc|x86.Build.0 = Release|Any CPU
		{C4E634B5-6FAA-4CA2-B207-42D6772EBCFA}.Ad-Hoc|x86.Deploy.0 = Release|Any CPU
		{C4E634B5-6FAA-4CA2-B207-42D6772EBCFA}.AppStore|Any CPU.ActiveCfg = Release|Any CPU
		{C4E634B5-6FAA-4CA2-B207-42D6772EBCFA}.AppStore|Any CPU.Build.0 = Release|Any CPU
		{C4E634B5-6FAA-4CA2-B207-42D6772EBCFA}.AppStore|Any CPU.Deploy.0 = Release|Any CPU
		{C4E634B5-6FAA-4CA2-B207-42D6772EBCFA}.AppStore|ARM.ActiveCfg = Release|Any CPU
		{C4E634B5-6FAA-4CA2-B207-42D6772EBCFA}.AppStore|ARM.Build.0 = Release|Any CPU
		{C4E634B5-6FAA-4CA2-B207-42D6772EBCFA}.AppStore|ARM.Deploy.0 = Release|Any CPU
		{C4E634B5-6FAA-4CA2-B207-42D6772EBCFA}.AppStore|iPhone.ActiveCfg = Release|Any CPU
		{C4E634B5-6FAA-4CA2-B207-42D6772EBCFA}.AppStore|iPhone.Build.0 = Release|Any CPU
		{C4E634B5-6FAA-4CA2-B207-42D6772EBCFA}.AppStore|iPhone.Deploy.0 = Release|Any CPU
		{C4E634B5-6FAA-4CA2-B207-42D6772EBCFA}.AppStore|iPhoneSimulator.ActiveCfg = Release|Any CPU
		{C4E634B5-6FAA-4CA2-B207-42D6772EBCFA}.AppStore|iPhoneSimulator.Build.0 = Release|Any CPU
		{C4E634B5-6FAA-4CA2-B207-42D6772EBCFA}.AppStore|iPhoneSimulator.Deploy.0 = Release|Any CPU
		{C4E634B5-6FAA-4CA2-B207-42D6772EBCFA}.AppStore|x64.ActiveCfg = Release|Any CPU
		{C4E634B5-6FAA-4CA2-B207-42D6772EBCFA}.AppStore|x64.Build.0 = Release|Any CPU
		{C4E634B5-6FAA-4CA2-B207-42D6772EBCFA}.AppStore|x64.Deploy.0 = Release|Any CPU
		{C4E634B5-6FAA-4CA2-B207-42D6772EBCFA}.AppStore|x86.ActiveCfg = Release|Any CPU
		{C4E634B5-6FAA-4CA2-B207-42D6772EBCFA}.AppStore|x86.Build.0 = Release|Any CPU
		{C4E634B5-6FAA-4CA2-B207-42D6772EBCFA}.AppStore|x86.Deploy.0 = Release|Any CPU
		{C4E634B5-6FAA-4CA2-B207-42D6772EBCFA}.Debug|Any CPU.ActiveCfg = Debug|Any CPU
		{C4E634B5-6FAA-4CA2-B207-42D6772EBCFA}.Debug|Any CPU.Build.0 = Debug|Any CPU
		{C4E634B5-6FAA-4CA2-B207-42D6772EBCFA}.Debug|Any CPU.Deploy.0 = Debug|Any CPU
		{C4E634B5-6FAA-4CA2-B207-42D6772EBCFA}.Debug|ARM.ActiveCfg = Debug|Any CPU
		{C4E634B5-6FAA-4CA2-B207-42D6772EBCFA}.Debug|ARM.Build.0 = Debug|Any CPU
		{C4E634B5-6FAA-4CA2-B207-42D6772EBCFA}.Debug|ARM.Deploy.0 = Debug|Any CPU
		{C4E634B5-6FAA-4CA2-B207-42D6772EBCFA}.Debug|iPhone.ActiveCfg = Debug|Any CPU
		{C4E634B5-6FAA-4CA2-B207-42D6772EBCFA}.Debug|iPhone.Build.0 = Debug|Any CPU
		{C4E634B5-6FAA-4CA2-B207-42D6772EBCFA}.Debug|iPhone.Deploy.0 = Debug|Any CPU
		{C4E634B5-6FAA-4CA2-B207-42D6772EBCFA}.Debug|iPhoneSimulator.ActiveCfg = Debug|Any CPU
		{C4E634B5-6FAA-4CA2-B207-42D6772EBCFA}.Debug|iPhoneSimulator.Build.0 = Debug|Any CPU
		{C4E634B5-6FAA-4CA2-B207-42D6772EBCFA}.Debug|iPhoneSimulator.Deploy.0 = Debug|Any CPU
		{C4E634B5-6FAA-4CA2-B207-42D6772EBCFA}.Debug|x64.ActiveCfg = Debug|Any CPU
		{C4E634B5-6FAA-4CA2-B207-42D6772EBCFA}.Debug|x64.Build.0 = Debug|Any CPU
		{C4E634B5-6FAA-4CA2-B207-42D6772EBCFA}.Debug|x64.Deploy.0 = Debug|Any CPU
		{C4E634B5-6FAA-4CA2-B207-42D6772EBCFA}.Debug|x86.ActiveCfg = Debug|Any CPU
		{C4E634B5-6FAA-4CA2-B207-42D6772EBCFA}.Debug|x86.Build.0 = Debug|Any CPU
		{C4E634B5-6FAA-4CA2-B207-42D6772EBCFA}.Debug|x86.Deploy.0 = Debug|Any CPU
		{C4E634B5-6FAA-4CA2-B207-42D6772EBCFA}.Release|Any CPU.ActiveCfg = Release|Any CPU
		{C4E634B5-6FAA-4CA2-B207-42D6772EBCFA}.Release|Any CPU.Build.0 = Release|Any CPU
		{C4E634B5-6FAA-4CA2-B207-42D6772EBCFA}.Release|Any CPU.Deploy.0 = Release|Any CPU
		{C4E634B5-6FAA-4CA2-B207-42D6772EBCFA}.Release|ARM.ActiveCfg = Release|Any CPU
		{C4E634B5-6FAA-4CA2-B207-42D6772EBCFA}.Release|ARM.Build.0 = Release|Any CPU
		{C4E634B5-6FAA-4CA2-B207-42D6772EBCFA}.Release|ARM.Deploy.0 = Release|Any CPU
		{C4E634B5-6FAA-4CA2-B207-42D6772EBCFA}.Release|iPhone.ActiveCfg = Release|Any CPU
		{C4E634B5-6FAA-4CA2-B207-42D6772EBCFA}.Release|iPhone.Build.0 = Release|Any CPU
		{C4E634B5-6FAA-4CA2-B207-42D6772EBCFA}.Release|iPhone.Deploy.0 = Release|Any CPU
		{C4E634B5-6FAA-4CA2-B207-42D6772EBCFA}.Release|iPhoneSimulator.ActiveCfg = Release|Any CPU
		{C4E634B5-6FAA-4CA2-B207-42D6772EBCFA}.Release|iPhoneSimulator.Build.0 = Release|Any CPU
		{C4E634B5-6FAA-4CA2-B207-42D6772EBCFA}.Release|iPhoneSimulator.Deploy.0 = Release|Any CPU
		{C4E634B5-6FAA-4CA2-B207-42D6772EBCFA}.Release|x64.ActiveCfg = Release|Any CPU
		{C4E634B5-6FAA-4CA2-B207-42D6772EBCFA}.Release|x64.Build.0 = Release|Any CPU
		{C4E634B5-6FAA-4CA2-B207-42D6772EBCFA}.Release|x64.Deploy.0 = Release|Any CPU
		{C4E634B5-6FAA-4CA2-B207-42D6772EBCFA}.Release|x86.ActiveCfg = Release|Any CPU
		{C4E634B5-6FAA-4CA2-B207-42D6772EBCFA}.Release|x86.Build.0 = Release|Any CPU
		{C4E634B5-6FAA-4CA2-B207-42D6772EBCFA}.Release|x86.Deploy.0 = Release|Any CPU
		{68C71ACE-1825-42F6-8ACC-2827DE2DFB5D}.Ad-Hoc|Any CPU.ActiveCfg = Ad-Hoc|iPhone
		{68C71ACE-1825-42F6-8ACC-2827DE2DFB5D}.Ad-Hoc|ARM.ActiveCfg = Ad-Hoc|iPhone
		{68C71ACE-1825-42F6-8ACC-2827DE2DFB5D}.Ad-Hoc|iPhone.ActiveCfg = Ad-Hoc|iPhone
		{68C71ACE-1825-42F6-8ACC-2827DE2DFB5D}.Ad-Hoc|iPhone.Build.0 = Ad-Hoc|iPhone
		{68C71ACE-1825-42F6-8ACC-2827DE2DFB5D}.Ad-Hoc|iPhoneSimulator.ActiveCfg = Ad-Hoc|iPhoneSimulator
		{68C71ACE-1825-42F6-8ACC-2827DE2DFB5D}.Ad-Hoc|iPhoneSimulator.Build.0 = Ad-Hoc|iPhoneSimulator
		{68C71ACE-1825-42F6-8ACC-2827DE2DFB5D}.Ad-Hoc|x64.ActiveCfg = Ad-Hoc|iPhone
		{68C71ACE-1825-42F6-8ACC-2827DE2DFB5D}.Ad-Hoc|x86.ActiveCfg = Ad-Hoc|iPhone
		{68C71ACE-1825-42F6-8ACC-2827DE2DFB5D}.AppStore|Any CPU.ActiveCfg = AppStore|iPhone
		{68C71ACE-1825-42F6-8ACC-2827DE2DFB5D}.AppStore|ARM.ActiveCfg = AppStore|iPhone
		{68C71ACE-1825-42F6-8ACC-2827DE2DFB5D}.AppStore|iPhone.ActiveCfg = AppStore|iPhone
		{68C71ACE-1825-42F6-8ACC-2827DE2DFB5D}.AppStore|iPhone.Build.0 = AppStore|iPhone
		{68C71ACE-1825-42F6-8ACC-2827DE2DFB5D}.AppStore|iPhoneSimulator.ActiveCfg = AppStore|iPhoneSimulator
		{68C71ACE-1825-42F6-8ACC-2827DE2DFB5D}.AppStore|iPhoneSimulator.Build.0 = AppStore|iPhoneSimulator
		{68C71ACE-1825-42F6-8ACC-2827DE2DFB5D}.AppStore|x64.ActiveCfg = AppStore|iPhone
		{68C71ACE-1825-42F6-8ACC-2827DE2DFB5D}.AppStore|x86.ActiveCfg = AppStore|iPhone
		{68C71ACE-1825-42F6-8ACC-2827DE2DFB5D}.Debug|Any CPU.ActiveCfg = Debug|iPhone
		{68C71ACE-1825-42F6-8ACC-2827DE2DFB5D}.Debug|ARM.ActiveCfg = Debug|iPhone
		{68C71ACE-1825-42F6-8ACC-2827DE2DFB5D}.Debug|iPhone.ActiveCfg = Debug|iPhone
		{68C71ACE-1825-42F6-8ACC-2827DE2DFB5D}.Debug|iPhone.Build.0 = Debug|iPhone
		{68C71ACE-1825-42F6-8ACC-2827DE2DFB5D}.Debug|iPhoneSimulator.ActiveCfg = Debug|iPhoneSimulator
		{68C71ACE-1825-42F6-8ACC-2827DE2DFB5D}.Debug|iPhoneSimulator.Build.0 = Debug|iPhoneSimulator
		{68C71ACE-1825-42F6-8ACC-2827DE2DFB5D}.Debug|x64.ActiveCfg = Debug|iPhone
		{68C71ACE-1825-42F6-8ACC-2827DE2DFB5D}.Debug|x86.ActiveCfg = Debug|iPhone
		{68C71ACE-1825-42F6-8ACC-2827DE2DFB5D}.Release|Any CPU.ActiveCfg = Release|iPhone
		{68C71ACE-1825-42F6-8ACC-2827DE2DFB5D}.Release|ARM.ActiveCfg = Release|iPhone
		{68C71ACE-1825-42F6-8ACC-2827DE2DFB5D}.Release|iPhone.ActiveCfg = Release|iPhone
		{68C71ACE-1825-42F6-8ACC-2827DE2DFB5D}.Release|iPhone.Build.0 = Release|iPhone
		{68C71ACE-1825-42F6-8ACC-2827DE2DFB5D}.Release|iPhoneSimulator.ActiveCfg = Release|iPhoneSimulator
		{68C71ACE-1825-42F6-8ACC-2827DE2DFB5D}.Release|iPhoneSimulator.Build.0 = Release|iPhoneSimulator
		{68C71ACE-1825-42F6-8ACC-2827DE2DFB5D}.Release|x64.ActiveCfg = Release|iPhone
		{68C71ACE-1825-42F6-8ACC-2827DE2DFB5D}.Release|x86.ActiveCfg = Release|iPhone
		{3AD07DB5-63A2-4FD7-892C-6571451FE4E8}.Ad-Hoc|Any CPU.ActiveCfg = Release|x86
		{3AD07DB5-63A2-4FD7-892C-6571451FE4E8}.Ad-Hoc|Any CPU.Build.0 = Release|x86
		{3AD07DB5-63A2-4FD7-892C-6571451FE4E8}.Ad-Hoc|Any CPU.Deploy.0 = Release|x86
		{3AD07DB5-63A2-4FD7-892C-6571451FE4E8}.Ad-Hoc|ARM.ActiveCfg = Release|ARM
		{3AD07DB5-63A2-4FD7-892C-6571451FE4E8}.Ad-Hoc|ARM.Build.0 = Release|ARM
		{3AD07DB5-63A2-4FD7-892C-6571451FE4E8}.Ad-Hoc|ARM.Deploy.0 = Release|ARM
		{3AD07DB5-63A2-4FD7-892C-6571451FE4E8}.Ad-Hoc|iPhone.ActiveCfg = Release|x86
		{3AD07DB5-63A2-4FD7-892C-6571451FE4E8}.Ad-Hoc|iPhone.Build.0 = Release|x86
		{3AD07DB5-63A2-4FD7-892C-6571451FE4E8}.Ad-Hoc|iPhone.Deploy.0 = Release|x86
		{3AD07DB5-63A2-4FD7-892C-6571451FE4E8}.Ad-Hoc|iPhoneSimulator.ActiveCfg = Release|x86
		{3AD07DB5-63A2-4FD7-892C-6571451FE4E8}.Ad-Hoc|iPhoneSimulator.Build.0 = Release|x86
		{3AD07DB5-63A2-4FD7-892C-6571451FE4E8}.Ad-Hoc|iPhoneSimulator.Deploy.0 = Release|x86
		{3AD07DB5-63A2-4FD7-892C-6571451FE4E8}.Ad-Hoc|x64.ActiveCfg = Release|x64
		{3AD07DB5-63A2-4FD7-892C-6571451FE4E8}.Ad-Hoc|x64.Build.0 = Release|x64
		{3AD07DB5-63A2-4FD7-892C-6571451FE4E8}.Ad-Hoc|x64.Deploy.0 = Release|x64
		{3AD07DB5-63A2-4FD7-892C-6571451FE4E8}.Ad-Hoc|x86.ActiveCfg = Release|x86
		{3AD07DB5-63A2-4FD7-892C-6571451FE4E8}.Ad-Hoc|x86.Build.0 = Release|x86
		{3AD07DB5-63A2-4FD7-892C-6571451FE4E8}.Ad-Hoc|x86.Deploy.0 = Release|x86
		{3AD07DB5-63A2-4FD7-892C-6571451FE4E8}.AppStore|Any CPU.ActiveCfg = Release|x86
		{3AD07DB5-63A2-4FD7-892C-6571451FE4E8}.AppStore|Any CPU.Build.0 = Release|x86
		{3AD07DB5-63A2-4FD7-892C-6571451FE4E8}.AppStore|Any CPU.Deploy.0 = Release|x86
		{3AD07DB5-63A2-4FD7-892C-6571451FE4E8}.AppStore|ARM.ActiveCfg = Release|ARM
		{3AD07DB5-63A2-4FD7-892C-6571451FE4E8}.AppStore|ARM.Build.0 = Release|ARM
		{3AD07DB5-63A2-4FD7-892C-6571451FE4E8}.AppStore|ARM.Deploy.0 = Release|ARM
		{3AD07DB5-63A2-4FD7-892C-6571451FE4E8}.AppStore|iPhone.ActiveCfg = Release|x86
		{3AD07DB5-63A2-4FD7-892C-6571451FE4E8}.AppStore|iPhone.Build.0 = Release|x86
		{3AD07DB5-63A2-4FD7-892C-6571451FE4E8}.AppStore|iPhone.Deploy.0 = Release|x86
		{3AD07DB5-63A2-4FD7-892C-6571451FE4E8}.AppStore|iPhoneSimulator.ActiveCfg = Release|x86
		{3AD07DB5-63A2-4FD7-892C-6571451FE4E8}.AppStore|iPhoneSimulator.Build.0 = Release|x86
		{3AD07DB5-63A2-4FD7-892C-6571451FE4E8}.AppStore|iPhoneSimulator.Deploy.0 = Release|x86
		{3AD07DB5-63A2-4FD7-892C-6571451FE4E8}.AppStore|x64.ActiveCfg = Release|x64
		{3AD07DB5-63A2-4FD7-892C-6571451FE4E8}.AppStore|x64.Build.0 = Release|x64
		{3AD07DB5-63A2-4FD7-892C-6571451FE4E8}.AppStore|x64.Deploy.0 = Release|x64
		{3AD07DB5-63A2-4FD7-892C-6571451FE4E8}.AppStore|x86.ActiveCfg = Release|x86
		{3AD07DB5-63A2-4FD7-892C-6571451FE4E8}.AppStore|x86.Build.0 = Release|x86
		{3AD07DB5-63A2-4FD7-892C-6571451FE4E8}.AppStore|x86.Deploy.0 = Release|x86
		{3AD07DB5-63A2-4FD7-892C-6571451FE4E8}.Debug|Any CPU.ActiveCfg = Debug|x86
		{3AD07DB5-63A2-4FD7-892C-6571451FE4E8}.Debug|Any CPU.Build.0 = Debug|x86
		{3AD07DB5-63A2-4FD7-892C-6571451FE4E8}.Debug|Any CPU.Deploy.0 = Debug|x86
		{3AD07DB5-63A2-4FD7-892C-6571451FE4E8}.Debug|ARM.ActiveCfg = Debug|ARM
		{3AD07DB5-63A2-4FD7-892C-6571451FE4E8}.Debug|ARM.Build.0 = Debug|ARM
		{3AD07DB5-63A2-4FD7-892C-6571451FE4E8}.Debug|ARM.Deploy.0 = Debug|ARM
		{3AD07DB5-63A2-4FD7-892C-6571451FE4E8}.Debug|iPhone.ActiveCfg = Debug|x86
		{3AD07DB5-63A2-4FD7-892C-6571451FE4E8}.Debug|iPhoneSimulator.ActiveCfg = Debug|x86
		{3AD07DB5-63A2-4FD7-892C-6571451FE4E8}.Debug|x64.ActiveCfg = Debug|x64
		{3AD07DB5-63A2-4FD7-892C-6571451FE4E8}.Debug|x64.Build.0 = Debug|x64
		{3AD07DB5-63A2-4FD7-892C-6571451FE4E8}.Debug|x64.Deploy.0 = Debug|x64
		{3AD07DB5-63A2-4FD7-892C-6571451FE4E8}.Debug|x86.ActiveCfg = Debug|x86
		{3AD07DB5-63A2-4FD7-892C-6571451FE4E8}.Debug|x86.Build.0 = Debug|x86
		{3AD07DB5-63A2-4FD7-892C-6571451FE4E8}.Debug|x86.Deploy.0 = Debug|x86
		{3AD07DB5-63A2-4FD7-892C-6571451FE4E8}.Release|Any CPU.ActiveCfg = Release|x86
		{3AD07DB5-63A2-4FD7-892C-6571451FE4E8}.Release|Any CPU.Build.0 = Release|x86
		{3AD07DB5-63A2-4FD7-892C-6571451FE4E8}.Release|Any CPU.Deploy.0 = Release|x86
		{3AD07DB5-63A2-4FD7-892C-6571451FE4E8}.Release|ARM.ActiveCfg = Release|ARM
		{3AD07DB5-63A2-4FD7-892C-6571451FE4E8}.Release|ARM.Build.0 = Release|ARM
		{3AD07DB5-63A2-4FD7-892C-6571451FE4E8}.Release|ARM.Deploy.0 = Release|ARM
		{3AD07DB5-63A2-4FD7-892C-6571451FE4E8}.Release|iPhone.ActiveCfg = Release|x86
		{3AD07DB5-63A2-4FD7-892C-6571451FE4E8}.Release|iPhoneSimulator.ActiveCfg = Release|x86
		{3AD07DB5-63A2-4FD7-892C-6571451FE4E8}.Release|x64.ActiveCfg = Release|x64
		{3AD07DB5-63A2-4FD7-892C-6571451FE4E8}.Release|x64.Build.0 = Release|x64
		{3AD07DB5-63A2-4FD7-892C-6571451FE4E8}.Release|x64.Deploy.0 = Release|x64
		{3AD07DB5-63A2-4FD7-892C-6571451FE4E8}.Release|x86.ActiveCfg = Release|x86
		{3AD07DB5-63A2-4FD7-892C-6571451FE4E8}.Release|x86.Build.0 = Release|x86
		{3AD07DB5-63A2-4FD7-892C-6571451FE4E8}.Release|x86.Deploy.0 = Release|x86
		{B5AD7922-9DE5-4BF0-A755-10D0DF149106}.Ad-Hoc|Any CPU.ActiveCfg = Release|Any CPU
		{B5AD7922-9DE5-4BF0-A755-10D0DF149106}.Ad-Hoc|Any CPU.Build.0 = Release|Any CPU
		{B5AD7922-9DE5-4BF0-A755-10D0DF149106}.Ad-Hoc|ARM.ActiveCfg = Release|Any CPU
		{B5AD7922-9DE5-4BF0-A755-10D0DF149106}.Ad-Hoc|ARM.Build.0 = Release|Any CPU
		{B5AD7922-9DE5-4BF0-A755-10D0DF149106}.Ad-Hoc|iPhone.ActiveCfg = Release|Any CPU
		{B5AD7922-9DE5-4BF0-A755-10D0DF149106}.Ad-Hoc|iPhone.Build.0 = Release|Any CPU
		{B5AD7922-9DE5-4BF0-A755-10D0DF149106}.Ad-Hoc|iPhoneSimulator.ActiveCfg = Release|Any CPU
		{B5AD7922-9DE5-4BF0-A755-10D0DF149106}.Ad-Hoc|iPhoneSimulator.Build.0 = Release|Any CPU
		{B5AD7922-9DE5-4BF0-A755-10D0DF149106}.Ad-Hoc|x64.ActiveCfg = Release|Any CPU
		{B5AD7922-9DE5-4BF0-A755-10D0DF149106}.Ad-Hoc|x64.Build.0 = Release|Any CPU
		{B5AD7922-9DE5-4BF0-A755-10D0DF149106}.Ad-Hoc|x86.ActiveCfg = Release|Any CPU
		{B5AD7922-9DE5-4BF0-A755-10D0DF149106}.Ad-Hoc|x86.Build.0 = Release|Any CPU
		{B5AD7922-9DE5-4BF0-A755-10D0DF149106}.AppStore|Any CPU.ActiveCfg = Release|Any CPU
		{B5AD7922-9DE5-4BF0-A755-10D0DF149106}.AppStore|Any CPU.Build.0 = Release|Any CPU
		{B5AD7922-9DE5-4BF0-A755-10D0DF149106}.AppStore|ARM.ActiveCfg = Release|Any CPU
		{B5AD7922-9DE5-4BF0-A755-10D0DF149106}.AppStore|ARM.Build.0 = Release|Any CPU
		{B5AD7922-9DE5-4BF0-A755-10D0DF149106}.AppStore|iPhone.ActiveCfg = Release|Any CPU
		{B5AD7922-9DE5-4BF0-A755-10D0DF149106}.AppStore|iPhone.Build.0 = Release|Any CPU
		{B5AD7922-9DE5-4BF0-A755-10D0DF149106}.AppStore|iPhoneSimulator.ActiveCfg = Release|Any CPU
		{B5AD7922-9DE5-4BF0-A755-10D0DF149106}.AppStore|iPhoneSimulator.Build.0 = Release|Any CPU
		{B5AD7922-9DE5-4BF0-A755-10D0DF149106}.AppStore|x64.ActiveCfg = Release|Any CPU
		{B5AD7922-9DE5-4BF0-A755-10D0DF149106}.AppStore|x64.Build.0 = Release|Any CPU
		{B5AD7922-9DE5-4BF0-A755-10D0DF149106}.AppStore|x86.ActiveCfg = Release|Any CPU
		{B5AD7922-9DE5-4BF0-A755-10D0DF149106}.AppStore|x86.Build.0 = Release|Any CPU
		{B5AD7922-9DE5-4BF0-A755-10D0DF149106}.Debug|Any CPU.ActiveCfg = Debug|Any CPU
		{B5AD7922-9DE5-4BF0-A755-10D0DF149106}.Debug|Any CPU.Build.0 = Debug|Any CPU
		{B5AD7922-9DE5-4BF0-A755-10D0DF149106}.Debug|ARM.ActiveCfg = Debug|Any CPU
		{B5AD7922-9DE5-4BF0-A755-10D0DF149106}.Debug|ARM.Build.0 = Debug|Any CPU
		{B5AD7922-9DE5-4BF0-A755-10D0DF149106}.Debug|iPhone.ActiveCfg = Debug|Any CPU
		{B5AD7922-9DE5-4BF0-A755-10D0DF149106}.Debug|iPhone.Build.0 = Debug|Any CPU
		{B5AD7922-9DE5-4BF0-A755-10D0DF149106}.Debug|iPhoneSimulator.ActiveCfg = Debug|Any CPU
		{B5AD7922-9DE5-4BF0-A755-10D0DF149106}.Debug|iPhoneSimulator.Build.0 = Debug|Any CPU
		{B5AD7922-9DE5-4BF0-A755-10D0DF149106}.Debug|x64.ActiveCfg = Debug|Any CPU
		{B5AD7922-9DE5-4BF0-A755-10D0DF149106}.Debug|x64.Build.0 = Debug|Any CPU
		{B5AD7922-9DE5-4BF0-A755-10D0DF149106}.Debug|x86.ActiveCfg = Debug|Any CPU
		{B5AD7922-9DE5-4BF0-A755-10D0DF149106}.Debug|x86.Build.0 = Debug|Any CPU
		{B5AD7922-9DE5-4BF0-A755-10D0DF149106}.Release|Any CPU.ActiveCfg = Release|Any CPU
		{B5AD7922-9DE5-4BF0-A755-10D0DF149106}.Release|Any CPU.Build.0 = Release|Any CPU
		{B5AD7922-9DE5-4BF0-A755-10D0DF149106}.Release|ARM.ActiveCfg = Release|Any CPU
		{B5AD7922-9DE5-4BF0-A755-10D0DF149106}.Release|ARM.Build.0 = Release|Any CPU
		{B5AD7922-9DE5-4BF0-A755-10D0DF149106}.Release|iPhone.ActiveCfg = Release|Any CPU
		{B5AD7922-9DE5-4BF0-A755-10D0DF149106}.Release|iPhone.Build.0 = Release|Any CPU
		{B5AD7922-9DE5-4BF0-A755-10D0DF149106}.Release|iPhoneSimulator.ActiveCfg = Release|Any CPU
		{B5AD7922-9DE5-4BF0-A755-10D0DF149106}.Release|iPhoneSimulator.Build.0 = Release|Any CPU
		{B5AD7922-9DE5-4BF0-A755-10D0DF149106}.Release|x64.ActiveCfg = Release|Any CPU
		{B5AD7922-9DE5-4BF0-A755-10D0DF149106}.Release|x64.Build.0 = Release|Any CPU
		{B5AD7922-9DE5-4BF0-A755-10D0DF149106}.Release|x86.ActiveCfg = Release|Any CPU
		{B5AD7922-9DE5-4BF0-A755-10D0DF149106}.Release|x86.Build.0 = Release|Any CPU
	EndGlobalSection
	GlobalSection(SolutionProperties) = preSolution
		HideSolutionNode = FALSE
	EndGlobalSection
EndGlobal
